
Microsoft Visual Studio Solution File, Format Version 12.00
# Visual Studio Version 17
VisualStudioVersion = 17.4.33205.214
MinimumVisualStudioVersion = 10.0.40219.1
Project("{8BC9CEB8-8B4A-11D0-8D11-00A0C91BC942}") = "Unico", "Unico.vcxproj", "{A7F280AB-1DF2-40B8-BF8F-7FBE277D5BEA}"
EndProject
Global
	GlobalSection(SolutionConfigurationPlatforms) = preSolution
		Debug|x64 = Debug|x64
		Debug|x86 = Debug|x86
		Release|x64 = Release|x64
		Release|x86 = Release|x86
	EndGlobalSection
	GlobalSection(ProjectConfigurationPlatforms) = postSolution
		{A7F280AB-1DF2-40B8-BF8F-7FBE277D5BEA}.Debug|x64.ActiveCfg = Debug|x64
		{A7F280AB-1DF2-40B8-BF8F-7FBE277D5BEA}.Debug|x64.Build.0 = Debug|x64
		{A7F280AB-1DF2-40B8-BF8F-7FBE277D5BEA}.Debug|x86.ActiveCfg = Debug|Win32
		{A7F280AB-1DF2-40B8-BF8F-7FBE277D5BEA}.Debug|x86.Build.0 = Debug|Win32
		{A7F280AB-1DF2-40B8-BF8F-7FBE277D5BEA}.Release|x64.ActiveCfg = Release|x64
		{A7F280AB-1DF2-40B8-BF8F-7FBE277D5BEA}.Release|x64.Build.0 = Release|x64
		{A7F280AB-1DF2-40B8-BF8F-7FBE277D5BEA}.Release|x86.ActiveCfg = Release|Win32
		{A7F280AB-1DF2-40B8-BF8F-7FBE277D5BEA}.Release|x86.Build.0 = Release|Win32
	EndGlobalSection
	GlobalSection(SolutionProperties) = preSolution
		HideSolutionNode = FALSE
	EndGlobalSection
	GlobalSection(ExtensibilityGlobals) = postSolution
		SolutionGuid = {7E73C0E7-E0CC-4D06-9738-F5AF78E5C55A}
	EndGlobalSection
EndGlobal
