
Microsoft Visual Studio Solution File, Format Version 12.00
# Visual Studio Version 17
VisualStudioVersion = 17.4.33205.214
MinimumVisualStudioVersion = 10.0.40219.1
Project("{8BC9CEB8-8B4A-11D0-8D11-00A0C91BC942}") = "Cerca byte in memoria", "Cerca byte in memoria.vcxproj", "{BC3FBF64-ED43-4C1D-808B-8F3CC37E1BED}"
EndProject
Global
	GlobalSection(SolutionConfigurationPlatforms) = preSolution
		Debug|x64 = Debug|x64
		Debug|x86 = Debug|x86
		Release|x64 = Release|x64
		Release|x86 = Release|x86
	EndGlobalSection
	GlobalSection(ProjectConfigurationPlatforms) = postSolution
		{BC3FBF64-ED43-4C1D-808B-8F3CC37E1BED}.Debug|x64.ActiveCfg = Debug|x64
		{BC3FBF64-ED43-4C1D-808B-8F3CC37E1BED}.Debug|x64.Build.0 = Debug|x64
		{BC3FBF64-ED43-4C1D-808B-8F3CC37E1BED}.Debug|x86.ActiveCfg = Debug|Win32
		{BC3FBF64-ED43-4C1D-808B-8F3CC37E1BED}.Debug|x86.Build.0 = Debug|Win32
		{BC3FBF64-ED43-4C1D-808B-8F3CC37E1BED}.Release|x64.ActiveCfg = Release|x64
		{BC3FBF64-ED43-4C1D-808B-8F3CC37E1BED}.Release|x64.Build.0 = Release|x64
		{BC3FBF64-ED43-4C1D-808B-8F3CC37E1BED}.Release|x86.ActiveCfg = Release|Win32
		{BC3FBF64-ED43-4C1D-808B-8F3CC37E1BED}.Release|x86.Build.0 = Release|Win32
	EndGlobalSection
	GlobalSection(SolutionProperties) = preSolution
		HideSolutionNode = FALSE
	EndGlobalSection
	GlobalSection(ExtensibilityGlobals) = postSolution
		SolutionGuid = {D18F4B1E-F05A-4CF6-9F28-F22DCD4977F5}
	EndGlobalSection
EndGlobal
