
Microsoft Visual Studio Solution File, Format Version 12.00
# Visual Studio Version 17
VisualStudioVersion = 17.4.33213.308
MinimumVisualStudioVersion = 10.0.40219.1
Project("{8BC9CEB8-8B4A-11D0-8D11-00A0C91BC942}") = "Find first partition", "Find first partition.vcxproj", "{3B8194CA-F1E0-4C04-B215-AF4955F3AEC4}"
EndProject
Global
	GlobalSection(SolutionConfigurationPlatforms) = preSolution
		Debug|x64 = Debug|x64
		Debug|x86 = Debug|x86
		Release|x64 = Release|x64
		Release|x86 = Release|x86
	EndGlobalSection
	GlobalSection(ProjectConfigurationPlatforms) = postSolution
		{3B8194CA-F1E0-4C04-B215-AF4955F3AEC4}.Debug|x64.ActiveCfg = Debug|x64
		{3B8194CA-F1E0-4C04-B215-AF4955F3AEC4}.Debug|x64.Build.0 = Debug|x64
		{3B8194CA-F1E0-4C04-B215-AF4955F3AEC4}.Debug|x86.ActiveCfg = Debug|Win32
		{3B8194CA-F1E0-4C04-B215-AF4955F3AEC4}.Debug|x86.Build.0 = Debug|Win32
		{3B8194CA-F1E0-4C04-B215-AF4955F3AEC4}.Release|x64.ActiveCfg = Release|x64
		{3B8194CA-F1E0-4C04-B215-AF4955F3AEC4}.Release|x64.Build.0 = Release|x64
		{3B8194CA-F1E0-4C04-B215-AF4955F3AEC4}.Release|x86.ActiveCfg = Release|Win32
		{3B8194CA-F1E0-4C04-B215-AF4955F3AEC4}.Release|x86.Build.0 = Release|Win32
	EndGlobalSection
	GlobalSection(SolutionProperties) = preSolution
		HideSolutionNode = FALSE
	EndGlobalSection
	GlobalSection(ExtensibilityGlobals) = postSolution
		SolutionGuid = {A39C7834-F813-4C70-9FBD-D1E11D6C07CD}
	EndGlobalSection
EndGlobal
