
Microsoft Visual Studio Solution File, Format Version 12.00
# Visual Studio Version 17
VisualStudioVersion = 17.4.33213.308
MinimumVisualStudioVersion = 10.0.40219.1
Project("{8BC9CEB8-8B4A-11D0-8D11-00A0C91BC942}") = "Read dvec", "Read dvec.vcxproj", "{C181E68A-44A8-490C-8EC7-A02C422BC02A}"
EndProject
Global
	GlobalSection(SolutionConfigurationPlatforms) = preSolution
		Debug|x64 = Debug|x64
		Debug|x86 = Debug|x86
		Release|x64 = Release|x64
		Release|x86 = Release|x86
	EndGlobalSection
	GlobalSection(ProjectConfigurationPlatforms) = postSolution
		{C181E68A-44A8-490C-8EC7-A02C422BC02A}.Debug|x64.ActiveCfg = Debug|x64
		{C181E68A-44A8-490C-8EC7-A02C422BC02A}.Debug|x64.Build.0 = Debug|x64
		{C181E68A-44A8-490C-8EC7-A02C422BC02A}.Debug|x86.ActiveCfg = Debug|Win32
		{C181E68A-44A8-490C-8EC7-A02C422BC02A}.Debug|x86.Build.0 = Debug|Win32
		{C181E68A-44A8-490C-8EC7-A02C422BC02A}.Release|x64.ActiveCfg = Release|x64
		{C181E68A-44A8-490C-8EC7-A02C422BC02A}.Release|x64.Build.0 = Release|x64
		{C181E68A-44A8-490C-8EC7-A02C422BC02A}.Release|x86.ActiveCfg = Release|Win32
		{C181E68A-44A8-490C-8EC7-A02C422BC02A}.Release|x86.Build.0 = Release|Win32
	EndGlobalSection
	GlobalSection(SolutionProperties) = preSolution
		HideSolutionNode = FALSE
	EndGlobalSection
	GlobalSection(ExtensibilityGlobals) = postSolution
		SolutionGuid = {DD3A4A59-BAE4-48A6-AFD3-540BA07BA956}
	EndGlobalSection
EndGlobal
